
Microsoft Visual Studio Solution File, Format Version 12.00
# Visual Studio Version 17
VisualStudioVersion = 17.1.32414.318
MinimumVisualStudioVersion = 10.0.40219.1
Project("{FAE04EC0-301F-11D3-BF4B-00C04F79EFBC}") = "teste_texto", "teste_texto.csproj", "{16775793-3519-4F8C-967B-DA0F1AC45372}"
EndProject
Global
	GlobalSection(SolutionConfigurationPlatforms) = preSolution
		Debug|Any CPU = Debug|Any CPU
		Release|Any CPU = Release|Any CPU
	EndGlobalSection
	GlobalSection(ProjectConfigurationPlatforms) = postSolution
		{16775793-3519-4F8C-967B-DA0F1AC45372}.Debug|Any CPU.ActiveCfg = Debug|Any CPU
		{16775793-3519-4F8C-967B-DA0F1AC45372}.Debug|Any CPU.Build.0 = Debug|Any CPU
		{16775793-3519-4F8C-967B-DA0F1AC45372}.Release|Any CPU.ActiveCfg = Release|Any CPU
		{16775793-3519-4F8C-967B-DA0F1AC45372}.Release|Any CPU.Build.0 = Release|Any CPU
	EndGlobalSection
	GlobalSection(SolutionProperties) = preSolution
		HideSolutionNode = FALSE
	EndGlobalSection
	GlobalSection(ExtensibilityGlobals) = postSolution
		SolutionGuid = {64174C02-5751-4BB7-9529-FAF3EA8E505F}
	EndGlobalSection
EndGlobal
