
Microsoft Visual Studio Solution File, Format Version 12.00
# Visual Studio Version 17
VisualStudioVersion = 17.0.31919.166
MinimumVisualStudioVersion = 10.0.40219.1
Project("{FAE04EC0-301F-11D3-BF4B-00C04F79EFBC}") = "teste", "teste.csproj", "{469F61E9-CA07-4D65-8E68-58C3082F45F4}"
EndProject
Global
	GlobalSection(SolutionConfigurationPlatforms) = preSolution
		Debug|Any CPU = Debug|Any CPU
		Release|Any CPU = Release|Any CPU
	EndGlobalSection
	GlobalSection(ProjectConfigurationPlatforms) = postSolution
		{469F61E9-CA07-4D65-8E68-58C3082F45F4}.Debug|Any CPU.ActiveCfg = Debug|Any CPU
		{469F61E9-CA07-4D65-8E68-58C3082F45F4}.Debug|Any CPU.Build.0 = Debug|Any CPU
		{469F61E9-CA07-4D65-8E68-58C3082F45F4}.Release|Any CPU.ActiveCfg = Release|Any CPU
		{469F61E9-CA07-4D65-8E68-58C3082F45F4}.Release|Any CPU.Build.0 = Release|Any CPU
	EndGlobalSection
	GlobalSection(SolutionProperties) = preSolution
		HideSolutionNode = FALSE
	EndGlobalSection
	GlobalSection(ExtensibilityGlobals) = postSolution
		SolutionGuid = {1D36055D-BFA8-4D27-B6C6-DF597C8AE0A9}
	EndGlobalSection
EndGlobal
