
Microsoft Visual Studio Solution File, Format Version 12.00
# Visual Studio Version 17
VisualStudioVersion = 17.1.32414.318
MinimumVisualStudioVersion = 10.0.40219.1
Project("{FAE04EC0-301F-11D3-BF4B-00C04F79EFBC}") = "urna_eletronica", "urna_eletronica.csproj", "{102062B3-4180-4D7D-AE90-8F775AA50D29}"
EndProject
Global
	GlobalSection(SolutionConfigurationPlatforms) = preSolution
		Debug|Any CPU = Debug|Any CPU
		Release|Any CPU = Release|Any CPU
	EndGlobalSection
	GlobalSection(ProjectConfigurationPlatforms) = postSolution
		{102062B3-4180-4D7D-AE90-8F775AA50D29}.Debug|Any CPU.ActiveCfg = Debug|Any CPU
		{102062B3-4180-4D7D-AE90-8F775AA50D29}.Debug|Any CPU.Build.0 = Debug|Any CPU
		{102062B3-4180-4D7D-AE90-8F775AA50D29}.Release|Any CPU.ActiveCfg = Release|Any CPU
		{102062B3-4180-4D7D-AE90-8F775AA50D29}.Release|Any CPU.Build.0 = Release|Any CPU
	EndGlobalSection
	GlobalSection(SolutionProperties) = preSolution
		HideSolutionNode = FALSE
	EndGlobalSection
	GlobalSection(ExtensibilityGlobals) = postSolution
		SolutionGuid = {ED7565DA-F15C-4F39-9A16-FA75BDF5F92C}
	EndGlobalSection
EndGlobal
